
Microsoft Visual Studio Solution File, Format Version 12.00
# Visual Studio Version 17
VisualStudioVersion = 17.5.33502.453
MinimumVisualStudioVersion = 10.0.40219.1
Project("{8BC9CEB8-8B4A-11D0-8D11-00A0C91BC942}") = "MFC_ExamChat", "MFC_ExamChat\MFC_ExamChat.vcxproj", "{CC507A5C-3368-4A20-A289-23E6FD76E271}"
EndProject
Global
	GlobalSection(SolutionConfigurationPlatforms) = preSolution
		Debug|x64 = Debug|x64
		Debug|x86 = Debug|x86
		Release|x64 = Release|x64
		Release|x86 = Release|x86
	EndGlobalSection
	GlobalSection(ProjectConfigurationPlatforms) = postSolution
		{CC507A5C-3368-4A20-A289-23E6FD76E271}.Debug|x64.ActiveCfg = Debug|x64
		{CC507A5C-3368-4A20-A289-23E6FD76E271}.Debug|x64.Build.0 = Debug|x64
		{CC507A5C-3368-4A20-A289-23E6FD76E271}.Debug|x86.ActiveCfg = Debug|Win32
		{CC507A5C-3368-4A20-A289-23E6FD76E271}.Debug|x86.Build.0 = Debug|Win32
		{CC507A5C-3368-4A20-A289-23E6FD76E271}.Release|x64.ActiveCfg = Release|x64
		{CC507A5C-3368-4A20-A289-23E6FD76E271}.Release|x64.Build.0 = Release|x64
		{CC507A5C-3368-4A20-A289-23E6FD76E271}.Release|x86.ActiveCfg = Release|Win32
		{CC507A5C-3368-4A20-A289-23E6FD76E271}.Release|x86.Build.0 = Release|Win32
	EndGlobalSection
	GlobalSection(SolutionProperties) = preSolution
		HideSolutionNode = FALSE
	EndGlobalSection
	GlobalSection(ExtensibilityGlobals) = postSolution
		SolutionGuid = {ECD970FA-972B-4320-A48B-9BE381CE62F0}
	EndGlobalSection
EndGlobal
