
Microsoft Visual Studio Solution File, Format Version 12.00
# Visual Studio Version 17
VisualStudioVersion = 17.5.33502.453
MinimumVisualStudioVersion = 10.0.40219.1
Project("{8BC9CEB8-8B4A-11D0-8D11-00A0C91BC942}") = "P01_MFC_Operator", "MFC_Operator\MFC_Operator.vcxproj", "{3D19C818-EC98-4A12-8A9A-D6763222528D}"
EndProject
Project("{8BC9CEB8-8B4A-11D0-8D11-00A0C91BC942}") = "P01_DanymicLinkLib", "DanymicLikLib\DanymicLikLib.vcxproj", "{8F619D98-10A9-463C-9251-B22297F2CA79}"
EndProject
Project("{8BC9CEB8-8B4A-11D0-8D11-00A0C91BC942}") = "P01_StaticLib", "StaticLib\StaticLib.vcxproj", "{28DBD04D-8507-4F97-BC01-E6F9CC02B28C}"
EndProject
Project("{8BC9CEB8-8B4A-11D0-8D11-00A0C91BC942}") = "STUDY", "STUDY\STUDY.vcxproj", "{B28C0A04-EC71-47E4-89A5-DC0FF44CB1C0}"
EndProject
Project("{8BC9CEB8-8B4A-11D0-8D11-00A0C91BC942}") = "PROGRAMMERS", "PROGRAMMERS\PROGRAMMERS.vcxproj", "{DEBC5CA8-3D5C-4A9D-916F-93935969BC79}"
EndProject
Global
	GlobalSection(SolutionConfigurationPlatforms) = preSolution
		Debug|x64 = Debug|x64
		Debug|x86 = Debug|x86
		Release|x64 = Release|x64
		Release|x86 = Release|x86
	EndGlobalSection
	GlobalSection(ProjectConfigurationPlatforms) = postSolution
		{3D19C818-EC98-4A12-8A9A-D6763222528D}.Debug|x64.ActiveCfg = Debug|x64
		{3D19C818-EC98-4A12-8A9A-D6763222528D}.Debug|x64.Build.0 = Debug|x64
		{3D19C818-EC98-4A12-8A9A-D6763222528D}.Debug|x86.ActiveCfg = Debug|Win32
		{3D19C818-EC98-4A12-8A9A-D6763222528D}.Debug|x86.Build.0 = Debug|Win32
		{3D19C818-EC98-4A12-8A9A-D6763222528D}.Release|x64.ActiveCfg = Release|x64
		{3D19C818-EC98-4A12-8A9A-D6763222528D}.Release|x64.Build.0 = Release|x64
		{3D19C818-EC98-4A12-8A9A-D6763222528D}.Release|x86.ActiveCfg = Release|Win32
		{3D19C818-EC98-4A12-8A9A-D6763222528D}.Release|x86.Build.0 = Release|Win32
		{8F619D98-10A9-463C-9251-B22297F2CA79}.Debug|x64.ActiveCfg = Debug|x64
		{8F619D98-10A9-463C-9251-B22297F2CA79}.Debug|x64.Build.0 = Debug|x64
		{8F619D98-10A9-463C-9251-B22297F2CA79}.Debug|x86.ActiveCfg = Debug|Win32
		{8F619D98-10A9-463C-9251-B22297F2CA79}.Debug|x86.Build.0 = Debug|Win32
		{8F619D98-10A9-463C-9251-B22297F2CA79}.Release|x64.ActiveCfg = Release|x64
		{8F619D98-10A9-463C-9251-B22297F2CA79}.Release|x64.Build.0 = Release|x64
		{8F619D98-10A9-463C-9251-B22297F2CA79}.Release|x86.ActiveCfg = Release|Win32
		{8F619D98-10A9-463C-9251-B22297F2CA79}.Release|x86.Build.0 = Release|Win32
		{28DBD04D-8507-4F97-BC01-E6F9CC02B28C}.Debug|x64.ActiveCfg = Debug|x64
		{28DBD04D-8507-4F97-BC01-E6F9CC02B28C}.Debug|x64.Build.0 = Debug|x64
		{28DBD04D-8507-4F97-BC01-E6F9CC02B28C}.Debug|x86.ActiveCfg = Debug|Win32
		{28DBD04D-8507-4F97-BC01-E6F9CC02B28C}.Debug|x86.Build.0 = Debug|Win32
		{28DBD04D-8507-4F97-BC01-E6F9CC02B28C}.Release|x64.ActiveCfg = Release|x64
		{28DBD04D-8507-4F97-BC01-E6F9CC02B28C}.Release|x64.Build.0 = Release|x64
		{28DBD04D-8507-4F97-BC01-E6F9CC02B28C}.Release|x86.ActiveCfg = Release|Win32
		{28DBD04D-8507-4F97-BC01-E6F9CC02B28C}.Release|x86.Build.0 = Release|Win32
		{B28C0A04-EC71-47E4-89A5-DC0FF44CB1C0}.Debug|x64.ActiveCfg = Debug|x64
		{B28C0A04-EC71-47E4-89A5-DC0FF44CB1C0}.Debug|x64.Build.0 = Debug|x64
		{B28C0A04-EC71-47E4-89A5-DC0FF44CB1C0}.Debug|x86.ActiveCfg = Debug|Win32
		{B28C0A04-EC71-47E4-89A5-DC0FF44CB1C0}.Debug|x86.Build.0 = Debug|Win32
		{B28C0A04-EC71-47E4-89A5-DC0FF44CB1C0}.Release|x64.ActiveCfg = Release|x64
		{B28C0A04-EC71-47E4-89A5-DC0FF44CB1C0}.Release|x64.Build.0 = Release|x64
		{B28C0A04-EC71-47E4-89A5-DC0FF44CB1C0}.Release|x86.ActiveCfg = Release|Win32
		{B28C0A04-EC71-47E4-89A5-DC0FF44CB1C0}.Release|x86.Build.0 = Release|Win32
		{DEBC5CA8-3D5C-4A9D-916F-93935969BC79}.Debug|x64.ActiveCfg = Debug|x64
		{DEBC5CA8-3D5C-4A9D-916F-93935969BC79}.Debug|x64.Build.0 = Debug|x64
		{DEBC5CA8-3D5C-4A9D-916F-93935969BC79}.Debug|x86.ActiveCfg = Debug|Win32
		{DEBC5CA8-3D5C-4A9D-916F-93935969BC79}.Debug|x86.Build.0 = Debug|Win32
		{DEBC5CA8-3D5C-4A9D-916F-93935969BC79}.Release|x64.ActiveCfg = Release|x64
		{DEBC5CA8-3D5C-4A9D-916F-93935969BC79}.Release|x64.Build.0 = Release|x64
		{DEBC5CA8-3D5C-4A9D-916F-93935969BC79}.Release|x86.ActiveCfg = Release|Win32
		{DEBC5CA8-3D5C-4A9D-916F-93935969BC79}.Release|x86.Build.0 = Release|Win32
	EndGlobalSection
	GlobalSection(SolutionProperties) = preSolution
		HideSolutionNode = FALSE
	EndGlobalSection
	GlobalSection(ExtensibilityGlobals) = postSolution
		SolutionGuid = {5732A660-08AB-465A-A147-17A258BAE03A}
	EndGlobalSection
EndGlobal
